
Microsoft Visual Studio Solution File, Format Version 12.00
# Visual Studio Version 17
VisualStudioVersion = 17.9.34701.34
MinimumVisualStudioVersion = 10.0.40219.1
Project("{FAE04EC0-301F-11D3-BF4B-00C04F79EFBC}") = "quiz1", "quiz1\quiz1.csproj", "{660A3D7B-C3DA-47AE-A675-5C98664F7BFD}"
EndProject
Global
	GlobalSection(SolutionConfigurationPlatforms) = preSolution
		Debug|Any CPU = Debug|Any CPU
		Release|Any CPU = Release|Any CPU
	EndGlobalSection
	GlobalSection(ProjectConfigurationPlatforms) = postSolution
		{660A3D7B-C3DA-47AE-A675-5C98664F7BFD}.Debug|Any CPU.ActiveCfg = Debug|Any CPU
		{660A3D7B-C3DA-47AE-A675-5C98664F7BFD}.Debug|Any CPU.Build.0 = Debug|Any CPU
		{660A3D7B-C3DA-47AE-A675-5C98664F7BFD}.Release|Any CPU.ActiveCfg = Release|Any CPU
		{660A3D7B-C3DA-47AE-A675-5C98664F7BFD}.Release|Any CPU.Build.0 = Release|Any CPU
	EndGlobalSection
	GlobalSection(SolutionProperties) = preSolution
		HideSolutionNode = FALSE
	EndGlobalSection
	GlobalSection(ExtensibilityGlobals) = postSolution
		SolutionGuid = {E8AEE7A8-84E3-4215-A6AE-5EB667FE1885}
	EndGlobalSection
EndGlobal
